
Microsoft Visual Studio Solution File, Format Version 12.00
# Visual Studio Version 16
VisualStudioVersion = 16.0.30114.105
MinimumVisualStudioVersion = 10.0.40219.1
Project("{2150E333-8FDC-42A3-9474-1A3956D46DE8}") = "src", "src", "{EA0A3240-4A8A-43DB-A307-B5E4A380C779}"
EndProject
Project("{2150E333-8FDC-42A3-9474-1A3956D46DE8}") = "core", "core", "{AF343303-15C8-4717-9767-6991C1350A83}"
EndProject
Project("{FAE04EC0-301F-11D3-BF4B-00C04F79EFBC}") = "pdq.core", "src\core\pdq.core\pdq.core.csproj", "{A20C403D-1CF1-4F29-B262-8F5200F5F024}"
EndProject
Global
	GlobalSection(SolutionConfigurationPlatforms) = preSolution
		Debug|Any CPU = Debug|Any CPU
		Release|Any CPU = Release|Any CPU
	EndGlobalSection
	GlobalSection(SolutionProperties) = preSolution
		HideSolutionNode = FALSE
	EndGlobalSection
	GlobalSection(ProjectConfigurationPlatforms) = postSolution
		{A20C403D-1CF1-4F29-B262-8F5200F5F024}.Debug|Any CPU.ActiveCfg = Debug|Any CPU
		{A20C403D-1CF1-4F29-B262-8F5200F5F024}.Debug|Any CPU.Build.0 = Debug|Any CPU
		{A20C403D-1CF1-4F29-B262-8F5200F5F024}.Release|Any CPU.ActiveCfg = Release|Any CPU
		{A20C403D-1CF1-4F29-B262-8F5200F5F024}.Release|Any CPU.Build.0 = Release|Any CPU
	EndGlobalSection
	GlobalSection(NestedProjects) = preSolution
		{AF343303-15C8-4717-9767-6991C1350A83} = {EA0A3240-4A8A-43DB-A307-B5E4A380C779}
		{A20C403D-1CF1-4F29-B262-8F5200F5F024} = {AF343303-15C8-4717-9767-6991C1350A83}
	EndGlobalSection
EndGlobal
