
Microsoft Visual Studio Solution File, Format Version 12.00
# Visual Studio Version 16
VisualStudioVersion = 16.0.30114.105
MinimumVisualStudioVersion = 10.0.40219.1
Project("{2150E333-8FDC-42A3-9474-1A3956D46DE8}") = "src", "src", "{EA0A3240-4A8A-43DB-A307-B5E4A380C779}"
EndProject
Project("{2150E333-8FDC-42A3-9474-1A3956D46DE8}") = "core", "core", "{AF343303-15C8-4717-9767-6991C1350A83}"
EndProject
Project("{FAE04EC0-301F-11D3-BF4B-00C04F79EFBC}") = "pdq", "src\core\pdq.core\pdq.csproj", "{A20C403D-1CF1-4F29-B262-8F5200F5F024}"
EndProject
Project("{2150E333-8FDC-42A3-9474-1A3956D46DE8}") = "extensions", "extensions", "{E05FFFC2-0043-4BBB-A8AB-3E54D3C1D58B}"
EndProject
Project("{FAE04EC0-301F-11D3-BF4B-00C04F79EFBC}") = "pdq.services", "src\extensions\pdq.services\pdq.services.csproj", "{C0DD414A-E18B-4440-99FF-226408AE5C1F}"
EndProject
Project("{FAE04EC0-301F-11D3-BF4B-00C04F79EFBC}") = "pdq.state", "src\core\pdq.core.state\pdq.state.csproj", "{2080F560-5B41-4D68-997D-1747DC9C4EC5}"
EndProject
Project("{FAE04EC0-301F-11D3-BF4B-00C04F79EFBC}") = "pdq.common", "src\core\pdq.core.common\pdq.common.csproj", "{E37E4D99-9C27-4510-8B46-CB76899B6444}"
EndProject
Project("{FAE04EC0-301F-11D3-BF4B-00C04F79EFBC}") = "pdq.core-tests", "tests\pdq.core-tests\pdq.core-tests.csproj", "{8E9D7802-3A69-42BA-AFC1-3CC2C2B9DE92}"
EndProject
Project("{2150E333-8FDC-42A3-9474-1A3956D46DE8}") = "tests", "tests", "{3B21659C-528B-4CA8-B094-9C29659F4569}"
EndProject
Project("{FAE04EC0-301F-11D3-BF4B-00C04F79EFBC}") = "pdq.playground", "tests\pdq.playground\pdq.playground.csproj", "{A7563478-3E37-4202-AA6B-0319957E7144}"
EndProject
Project("{2150E333-8FDC-42A3-9474-1A3956D46DE8}") = "db", "db", "{72A6BDCD-0207-446D-BC0E-C33198FB1248}"
EndProject
Project("{FAE04EC0-301F-11D3-BF4B-00C04F79EFBC}") = "pdq.npgsql", "src\db\pdq.npgsql\pdq.npgsql.csproj", "{13DE7281-B711-4251-B7F3-4B9237B6B6F2}"
EndProject
Project("{FAE04EC0-301F-11D3-BF4B-00C04F79EFBC}") = "pdq.db.common", "src\db\pdq.db.common\pdq.db.common.csproj", "{B46066CD-91AC-49E5-9349-AA755F95E482}"
EndProject
Project("{FAE04EC0-301F-11D3-BF4B-00C04F79EFBC}") = "pdq.npgsql.tests", "tests\pdq.npgsql.tests\pdq.npgsql.tests.csproj", "{CD3097BF-492F-4766-A718-EC8C651AEEC9}"
EndProject
Project("{FAE04EC0-301F-11D3-BF4B-00C04F79EFBC}") = "pdq.db.common.tests", "tests\pdq.db.common.tests\pdq.db.common.tests.csproj", "{70195011-2C31-4436-962D-DE0645A05EB5}"
EndProject
Project("{FAE04EC0-301F-11D3-BF4B-00C04F79EFBC}") = "pdq.sqlserver", "src\db\pdq.sqlserver\pdq.sqlserver.csproj", "{818C017F-454F-4C95-A51A-559177169E3D}"
EndProject
Project("{FAE04EC0-301F-11D3-BF4B-00C04F79EFBC}") = "pdq.services.tests", "tests\pdq.services.tests\pdq.services.tests.csproj", "{6F7761E0-4684-444A-B6F3-78182C56DAAF}"
EndProject
Project("{FAE04EC0-301F-11D3-BF4B-00C04F79EFBC}") = "pdq.tests.common", "tests\pdq.tests.common\pdq.tests.common.csproj", "{B42970E3-D007-40F6-A2AA-27834DA18EC5}"
EndProject
Project("{FAE04EC0-301F-11D3-BF4B-00C04F79EFBC}") = "pdq.sqlserver.tests", "tests\pdq.sqlserver.tests\pdq.sqlserver.tests.csproj", "{C589C0C7-36E1-4AAA-9CD6-0ED823927D44}"
EndProject
Project("{FAE04EC0-301F-11D3-BF4B-00C04F79EFBC}") = "pdq.logging.serilog", "src\extensions\pdq.logging.serilog\pdq.logging.serilog.csproj", "{BB9C500B-DAD6-4389-B837-2DCACADE84C2}"
EndProject
Project("{FAE04EC0-301F-11D3-BF4B-00C04F79EFBC}") = "pdq.logging.tests", "tests\pdq.logging.tests\pdq.logging.tests.csproj", "{4632F5CB-339F-4F6F-A3EA-9B3C484F7C52}"
EndProject
Global
	GlobalSection(SolutionConfigurationPlatforms) = preSolution
		Debug|Any CPU = Debug|Any CPU
		Release|Any CPU = Release|Any CPU
	EndGlobalSection
	GlobalSection(SolutionProperties) = preSolution
		HideSolutionNode = FALSE
	EndGlobalSection
	GlobalSection(ProjectConfigurationPlatforms) = postSolution
		{A20C403D-1CF1-4F29-B262-8F5200F5F024}.Debug|Any CPU.ActiveCfg = Debug|Any CPU
		{A20C403D-1CF1-4F29-B262-8F5200F5F024}.Debug|Any CPU.Build.0 = Debug|Any CPU
		{A20C403D-1CF1-4F29-B262-8F5200F5F024}.Release|Any CPU.ActiveCfg = Release|Any CPU
		{A20C403D-1CF1-4F29-B262-8F5200F5F024}.Release|Any CPU.Build.0 = Release|Any CPU
		{C0DD414A-E18B-4440-99FF-226408AE5C1F}.Debug|Any CPU.ActiveCfg = Debug|Any CPU
		{C0DD414A-E18B-4440-99FF-226408AE5C1F}.Debug|Any CPU.Build.0 = Debug|Any CPU
		{C0DD414A-E18B-4440-99FF-226408AE5C1F}.Release|Any CPU.ActiveCfg = Release|Any CPU
		{C0DD414A-E18B-4440-99FF-226408AE5C1F}.Release|Any CPU.Build.0 = Release|Any CPU
		{2080F560-5B41-4D68-997D-1747DC9C4EC5}.Debug|Any CPU.ActiveCfg = Debug|Any CPU
		{2080F560-5B41-4D68-997D-1747DC9C4EC5}.Debug|Any CPU.Build.0 = Debug|Any CPU
		{2080F560-5B41-4D68-997D-1747DC9C4EC5}.Release|Any CPU.ActiveCfg = Release|Any CPU
		{2080F560-5B41-4D68-997D-1747DC9C4EC5}.Release|Any CPU.Build.0 = Release|Any CPU
		{E37E4D99-9C27-4510-8B46-CB76899B6444}.Debug|Any CPU.ActiveCfg = Debug|Any CPU
		{E37E4D99-9C27-4510-8B46-CB76899B6444}.Debug|Any CPU.Build.0 = Debug|Any CPU
		{E37E4D99-9C27-4510-8B46-CB76899B6444}.Release|Any CPU.ActiveCfg = Release|Any CPU
		{E37E4D99-9C27-4510-8B46-CB76899B6444}.Release|Any CPU.Build.0 = Release|Any CPU
		{8E9D7802-3A69-42BA-AFC1-3CC2C2B9DE92}.Debug|Any CPU.ActiveCfg = Debug|Any CPU
		{8E9D7802-3A69-42BA-AFC1-3CC2C2B9DE92}.Debug|Any CPU.Build.0 = Debug|Any CPU
		{8E9D7802-3A69-42BA-AFC1-3CC2C2B9DE92}.Release|Any CPU.ActiveCfg = Release|Any CPU
		{8E9D7802-3A69-42BA-AFC1-3CC2C2B9DE92}.Release|Any CPU.Build.0 = Release|Any CPU
		{A7563478-3E37-4202-AA6B-0319957E7144}.Debug|Any CPU.ActiveCfg = Debug|Any CPU
		{A7563478-3E37-4202-AA6B-0319957E7144}.Debug|Any CPU.Build.0 = Debug|Any CPU
		{A7563478-3E37-4202-AA6B-0319957E7144}.Release|Any CPU.ActiveCfg = Release|Any CPU
		{A7563478-3E37-4202-AA6B-0319957E7144}.Release|Any CPU.Build.0 = Release|Any CPU
		{13DE7281-B711-4251-B7F3-4B9237B6B6F2}.Debug|Any CPU.ActiveCfg = Debug|Any CPU
		{13DE7281-B711-4251-B7F3-4B9237B6B6F2}.Debug|Any CPU.Build.0 = Debug|Any CPU
		{13DE7281-B711-4251-B7F3-4B9237B6B6F2}.Release|Any CPU.ActiveCfg = Release|Any CPU
		{13DE7281-B711-4251-B7F3-4B9237B6B6F2}.Release|Any CPU.Build.0 = Release|Any CPU
		{B46066CD-91AC-49E5-9349-AA755F95E482}.Debug|Any CPU.ActiveCfg = Debug|Any CPU
		{B46066CD-91AC-49E5-9349-AA755F95E482}.Debug|Any CPU.Build.0 = Debug|Any CPU
		{B46066CD-91AC-49E5-9349-AA755F95E482}.Release|Any CPU.ActiveCfg = Release|Any CPU
		{B46066CD-91AC-49E5-9349-AA755F95E482}.Release|Any CPU.Build.0 = Release|Any CPU
		{CD3097BF-492F-4766-A718-EC8C651AEEC9}.Debug|Any CPU.ActiveCfg = Debug|Any CPU
		{CD3097BF-492F-4766-A718-EC8C651AEEC9}.Debug|Any CPU.Build.0 = Debug|Any CPU
		{CD3097BF-492F-4766-A718-EC8C651AEEC9}.Release|Any CPU.ActiveCfg = Release|Any CPU
		{CD3097BF-492F-4766-A718-EC8C651AEEC9}.Release|Any CPU.Build.0 = Release|Any CPU
		{70195011-2C31-4436-962D-DE0645A05EB5}.Debug|Any CPU.ActiveCfg = Debug|Any CPU
		{70195011-2C31-4436-962D-DE0645A05EB5}.Debug|Any CPU.Build.0 = Debug|Any CPU
		{70195011-2C31-4436-962D-DE0645A05EB5}.Release|Any CPU.ActiveCfg = Release|Any CPU
		{70195011-2C31-4436-962D-DE0645A05EB5}.Release|Any CPU.Build.0 = Release|Any CPU
		{818C017F-454F-4C95-A51A-559177169E3D}.Debug|Any CPU.ActiveCfg = Debug|Any CPU
		{818C017F-454F-4C95-A51A-559177169E3D}.Debug|Any CPU.Build.0 = Debug|Any CPU
		{818C017F-454F-4C95-A51A-559177169E3D}.Release|Any CPU.ActiveCfg = Release|Any CPU
		{818C017F-454F-4C95-A51A-559177169E3D}.Release|Any CPU.Build.0 = Release|Any CPU
		{6F7761E0-4684-444A-B6F3-78182C56DAAF}.Debug|Any CPU.ActiveCfg = Debug|Any CPU
		{6F7761E0-4684-444A-B6F3-78182C56DAAF}.Debug|Any CPU.Build.0 = Debug|Any CPU
		{6F7761E0-4684-444A-B6F3-78182C56DAAF}.Release|Any CPU.ActiveCfg = Release|Any CPU
		{6F7761E0-4684-444A-B6F3-78182C56DAAF}.Release|Any CPU.Build.0 = Release|Any CPU
		{B42970E3-D007-40F6-A2AA-27834DA18EC5}.Debug|Any CPU.ActiveCfg = Debug|Any CPU
		{B42970E3-D007-40F6-A2AA-27834DA18EC5}.Debug|Any CPU.Build.0 = Debug|Any CPU
		{B42970E3-D007-40F6-A2AA-27834DA18EC5}.Release|Any CPU.ActiveCfg = Release|Any CPU
		{B42970E3-D007-40F6-A2AA-27834DA18EC5}.Release|Any CPU.Build.0 = Release|Any CPU
		{C589C0C7-36E1-4AAA-9CD6-0ED823927D44}.Debug|Any CPU.ActiveCfg = Debug|Any CPU
		{C589C0C7-36E1-4AAA-9CD6-0ED823927D44}.Debug|Any CPU.Build.0 = Debug|Any CPU
		{C589C0C7-36E1-4AAA-9CD6-0ED823927D44}.Release|Any CPU.ActiveCfg = Release|Any CPU
		{C589C0C7-36E1-4AAA-9CD6-0ED823927D44}.Release|Any CPU.Build.0 = Release|Any CPU
		{BB9C500B-DAD6-4389-B837-2DCACADE84C2}.Debug|Any CPU.ActiveCfg = Debug|Any CPU
		{BB9C500B-DAD6-4389-B837-2DCACADE84C2}.Debug|Any CPU.Build.0 = Debug|Any CPU
		{BB9C500B-DAD6-4389-B837-2DCACADE84C2}.Release|Any CPU.ActiveCfg = Release|Any CPU
		{BB9C500B-DAD6-4389-B837-2DCACADE84C2}.Release|Any CPU.Build.0 = Release|Any CPU
		{4632F5CB-339F-4F6F-A3EA-9B3C484F7C52}.Debug|Any CPU.ActiveCfg = Debug|Any CPU
		{4632F5CB-339F-4F6F-A3EA-9B3C484F7C52}.Debug|Any CPU.Build.0 = Debug|Any CPU
		{4632F5CB-339F-4F6F-A3EA-9B3C484F7C52}.Release|Any CPU.ActiveCfg = Release|Any CPU
		{4632F5CB-339F-4F6F-A3EA-9B3C484F7C52}.Release|Any CPU.Build.0 = Release|Any CPU
	EndGlobalSection
	GlobalSection(NestedProjects) = preSolution
		{AF343303-15C8-4717-9767-6991C1350A83} = {EA0A3240-4A8A-43DB-A307-B5E4A380C779}
		{A20C403D-1CF1-4F29-B262-8F5200F5F024} = {AF343303-15C8-4717-9767-6991C1350A83}
		{E05FFFC2-0043-4BBB-A8AB-3E54D3C1D58B} = {EA0A3240-4A8A-43DB-A307-B5E4A380C779}
		{C0DD414A-E18B-4440-99FF-226408AE5C1F} = {E05FFFC2-0043-4BBB-A8AB-3E54D3C1D58B}
		{2080F560-5B41-4D68-997D-1747DC9C4EC5} = {AF343303-15C8-4717-9767-6991C1350A83}
		{E37E4D99-9C27-4510-8B46-CB76899B6444} = {AF343303-15C8-4717-9767-6991C1350A83}
		{8E9D7802-3A69-42BA-AFC1-3CC2C2B9DE92} = {3B21659C-528B-4CA8-B094-9C29659F4569}
		{A7563478-3E37-4202-AA6B-0319957E7144} = {3B21659C-528B-4CA8-B094-9C29659F4569}
		{72A6BDCD-0207-446D-BC0E-C33198FB1248} = {EA0A3240-4A8A-43DB-A307-B5E4A380C779}
		{13DE7281-B711-4251-B7F3-4B9237B6B6F2} = {72A6BDCD-0207-446D-BC0E-C33198FB1248}
		{B46066CD-91AC-49E5-9349-AA755F95E482} = {72A6BDCD-0207-446D-BC0E-C33198FB1248}
		{CD3097BF-492F-4766-A718-EC8C651AEEC9} = {3B21659C-528B-4CA8-B094-9C29659F4569}
		{70195011-2C31-4436-962D-DE0645A05EB5} = {3B21659C-528B-4CA8-B094-9C29659F4569}
		{818C017F-454F-4C95-A51A-559177169E3D} = {72A6BDCD-0207-446D-BC0E-C33198FB1248}
		{6F7761E0-4684-444A-B6F3-78182C56DAAF} = {3B21659C-528B-4CA8-B094-9C29659F4569}
		{B42970E3-D007-40F6-A2AA-27834DA18EC5} = {3B21659C-528B-4CA8-B094-9C29659F4569}
		{C589C0C7-36E1-4AAA-9CD6-0ED823927D44} = {3B21659C-528B-4CA8-B094-9C29659F4569}
		{BB9C500B-DAD6-4389-B837-2DCACADE84C2} = {E05FFFC2-0043-4BBB-A8AB-3E54D3C1D58B}
		{4632F5CB-339F-4F6F-A3EA-9B3C484F7C52} = {3B21659C-528B-4CA8-B094-9C29659F4569}
	EndGlobalSection
EndGlobal
